
Microsoft Visual Studio Solution File, Format Version 12.00
# Visual Studio Version 17
VisualStudioVersion = 17.0.31903.59
MinimumVisualStudioVersion = 10.0.40219.1
Project("{FAE04EC0-301F-11D3-BF4B-00C04F79EFBC}") = "app", "src\app.csproj", "{FA5ADE6B-0B5E-4D55-BF9E-65CD4AF8FEFF}"
EndProject
Project("{FAE04EC0-301F-11D3-BF4B-00C04F79EFBC}") = "TaskTracker.Tests", "tests\TaskTracker.Tests.csproj", "{1C9FB495-CD59-4302-A9AF-2548A9F4500E}"
EndProject
Global
	GlobalSection(SolutionConfigurationPlatforms) = preSolution
		Debug|Any CPU = Debug|Any CPU
		Release|Any CPU = Release|Any CPU
	EndGlobalSection
	GlobalSection(SolutionProperties) = preSolution
		HideSolutionNode = FALSE
	EndGlobalSection
	GlobalSection(ProjectConfigurationPlatforms) = postSolution
		{FA5ADE6B-0B5E-4D55-BF9E-65CD4AF8FEFF}.Debug|Any CPU.ActiveCfg = Debug|Any CPU
		{FA5ADE6B-0B5E-4D55-BF9E-65CD4AF8FEFF}.Debug|Any CPU.Build.0 = Debug|Any CPU
		{FA5ADE6B-0B5E-4D55-BF9E-65CD4AF8FEFF}.Release|Any CPU.ActiveCfg = Release|Any CPU
		{FA5ADE6B-0B5E-4D55-BF9E-65CD4AF8FEFF}.Release|Any CPU.Build.0 = Release|Any CPU
		{1C9FB495-CD59-4302-A9AF-2548A9F4500E}.Debug|Any CPU.ActiveCfg = Debug|Any CPU
		{1C9FB495-CD59-4302-A9AF-2548A9F4500E}.Debug|Any CPU.Build.0 = Debug|Any CPU
		{1C9FB495-CD59-4302-A9AF-2548A9F4500E}.Release|Any CPU.ActiveCfg = Release|Any CPU
		{1C9FB495-CD59-4302-A9AF-2548A9F4500E}.Release|Any CPU.Build.0 = Release|Any CPU
	EndGlobalSection
EndGlobal
